
Microsoft Visual Studio Solution File, Format Version 12.00
Project("{FAE04EC0-301F-11D3-BF4B-00C04F79EFBC}") = "Cases", "Cases\Cases.csproj", "{14916ADD-208A-4369-BD7C-85A77BD8997F}"
EndProject
Global
	GlobalSection(SolutionConfigurationPlatforms) = preSolution
		Debug|Any CPU = Debug|Any CPU
		Release|Any CPU = Release|Any CPU
	EndGlobalSection
	GlobalSection(ProjectConfigurationPlatforms) = postSolution
		{14916ADD-208A-4369-BD7C-85A77BD8997F}.Debug|Any CPU.ActiveCfg = Debug|Any CPU
		{14916ADD-208A-4369-BD7C-85A77BD8997F}.Debug|Any CPU.Build.0 = Debug|Any CPU
		{14916ADD-208A-4369-BD7C-85A77BD8997F}.Release|Any CPU.ActiveCfg = Release|Any CPU
		{14916ADD-208A-4369-BD7C-85A77BD8997F}.Release|Any CPU.Build.0 = Release|Any CPU
	EndGlobalSection
EndGlobal
